# This file is automatically @generated by Cargo.
# It is not intended for manual editing.
version = 4

[[package]]
name = "Rust_Calculator"
version = "0.1.0"
dependencies = [
 "evalexpr",
]

[[package]]
name = "evalexpr"
version = "9.1.0"
source = "registry+https://github.com/rust-lang/crates.io-index"
checksum = "2f71b6fc6c2d8582e6b1f74aa1a2e2a544968df8b293beb3529efa4c3ff11eda"
